PODS:
  - ApphudSDK (3.6.0)
  - lottie-ios (4.5.1)

DEPENDENCIES:
  - ApphudSDK
  - lottie-ios

SPEC REPOS:
  trunk:
    - ApphudSDK
    - lottie-ios

SPEC CHECKSUMS:
  ApphudSDK: c921b8009755fc3b576956b6db4c19c174cf7a4a
  lottie-ios: 248b380fa1b97d18e792c37d90da7ab2aa0d6562

PODFILE CHECKSUM: 1bd62e88d1629412a7ddae3ec8e1b29b3b5ad4a6

COCOAPODS: 1.16.2
